
Microsoft Visual Studio Solution File, Format Version 12.00
# Visual Studio 15
VisualStudioVersion = 15.0.28307.168
MinimumVisualStudioVersion = 10.0.40219.1
Project("{FAE04EC0-301F-11D3-BF4B-00C04F79EFBC}") = "Christ3D", "Christ3D\Christ3D.csproj", "{1F18B056-67FC-4756-B82A-AA8905E42A31}"
EndProject
Project("{FAE04EC0-301F-11D3-BF4B-00C04F79EFBC}") = "Christ3D.Domain", "Christ3D.Domain\Christ3D.Domain.csproj", "{7F1745E7-9238-45B3-AACF-0960CD65565B}"
EndProject
Project("{FAE04EC0-301F-11D3-BF4B-00C04F79EFBC}") = "Christ3D.Infrastruct.Data", "Christ3D.Infrastruct.Data\Christ3D.Infrastruct.Data.csproj", "{390584C9-114E-43FE-A65F-3A04010BF731}"
EndProject
Project("{FAE04EC0-301F-11D3-BF4B-00C04F79EFBC}") = "Christ3D.Application", "Christ3D.Application\Christ3D.Application.csproj", "{E7EB1735-4E05-4C65-8EDA-9CA2F62EC31A}"
EndProject
Global
	GlobalSection(SolutionConfigurationPlatforms) = preSolution
		Debug|Any CPU = Debug|Any CPU
		Release|Any CPU = Release|Any CPU
	EndGlobalSection
	GlobalSection(ProjectConfigurationPlatforms) = postSolution
		{1F18B056-67FC-4756-B82A-AA8905E42A31}.Debug|Any CPU.ActiveCfg = Debug|Any CPU
		{1F18B056-67FC-4756-B82A-AA8905E42A31}.Debug|Any CPU.Build.0 = Debug|Any CPU
		{1F18B056-67FC-4756-B82A-AA8905E42A31}.Release|Any CPU.ActiveCfg = Release|Any CPU
		{1F18B056-67FC-4756-B82A-AA8905E42A31}.Release|Any CPU.Build.0 = Release|Any CPU
		{7F1745E7-9238-45B3-AACF-0960CD65565B}.Debug|Any CPU.ActiveCfg = Debug|Any CPU
		{7F1745E7-9238-45B3-AACF-0960CD65565B}.Debug|Any CPU.Build.0 = Debug|Any CPU
		{7F1745E7-9238-45B3-AACF-0960CD65565B}.Release|Any CPU.ActiveCfg = Release|Any CPU
		{7F1745E7-9238-45B3-AACF-0960CD65565B}.Release|Any CPU.Build.0 = Release|Any CPU
		{390584C9-114E-43FE-A65F-3A04010BF731}.Debug|Any CPU.ActiveCfg = Debug|Any CPU
		{390584C9-114E-43FE-A65F-3A04010BF731}.Debug|Any CPU.Build.0 = Debug|Any CPU
		{390584C9-114E-43FE-A65F-3A04010BF731}.Release|Any CPU.ActiveCfg = Release|Any CPU
		{390584C9-114E-43FE-A65F-3A04010BF731}.Release|Any CPU.Build.0 = Release|Any CPU
		{E7EB1735-4E05-4C65-8EDA-9CA2F62EC31A}.Debug|Any CPU.ActiveCfg = Debug|Any CPU
		{E7EB1735-4E05-4C65-8EDA-9CA2F62EC31A}.Debug|Any CPU.Build.0 = Debug|Any CPU
		{E7EB1735-4E05-4C65-8EDA-9CA2F62EC31A}.Release|Any CPU.ActiveCfg = Release|Any CPU
		{E7EB1735-4E05-4C65-8EDA-9CA2F62EC31A}.Release|Any CPU.Build.0 = Release|Any CPU
	EndGlobalSection
	GlobalSection(SolutionProperties) = preSolution
		HideSolutionNode = FALSE
	EndGlobalSection
	GlobalSection(ExtensibilityGlobals) = postSolution
		SolutionGuid = {862A7602-A104-475B-AB97-6DAE3DFE00B9}
	EndGlobalSection
EndGlobal
